
Microsoft Visual Studio Solution File, Format Version 12.00
# Visual Studio Version 16
VisualStudioVersion = 16.0.32929.386
MinimumVisualStudioVersion = 10.0.40219.1
Project("{FAE04EC0-301F-11D3-BF4B-00C04F79EFBC}") = "DataAccessLayer", "DataAccessLayer\DataAccessLayer.csproj", "{B199062C-A33D-4AD7-ACAF-EE583CB7D8F4}"
EndProject
Project("{FAE04EC0-301F-11D3-BF4B-00C04F79EFBC}") = "EntityLayer", "EntityLayer\EntityLayer.csproj", "{74BC9F55-8492-40F7-A445-06C61AF8B490}"
EndProject
Project("{FAE04EC0-301F-11D3-BF4B-00C04F79EFBC}") = "BusinessLayer", "BusinessLayer\BusinessLayer.csproj", "{DDEFF3AB-79C2-4B56-B636-1045AA4BBDC7}"
EndProject
Project("{FAE04EC0-301F-11D3-BF4B-00C04F79EFBC}") = "WebUI", "WebUI\WebUI.csproj", "{E692951E-B4A2-42F0-9791-413C236DEDB9}"
EndProject
Global
	GlobalSection(SolutionConfigurationPlatforms) = preSolution
		Debug|Any CPU = Debug|Any CPU
		Release|Any CPU = Release|Any CPU
	EndGlobalSection
	GlobalSection(ProjectConfigurationPlatforms) = postSolution
		{B199062C-A33D-4AD7-ACAF-EE583CB7D8F4}.Debug|Any CPU.ActiveCfg = Debug|Any CPU
		{B199062C-A33D-4AD7-ACAF-EE583CB7D8F4}.Debug|Any CPU.Build.0 = Debug|Any CPU
		{B199062C-A33D-4AD7-ACAF-EE583CB7D8F4}.Release|Any CPU.ActiveCfg = Release|Any CPU
		{B199062C-A33D-4AD7-ACAF-EE583CB7D8F4}.Release|Any CPU.Build.0 = Release|Any CPU
		{74BC9F55-8492-40F7-A445-06C61AF8B490}.Debug|Any CPU.ActiveCfg = Debug|Any CPU
		{74BC9F55-8492-40F7-A445-06C61AF8B490}.Debug|Any CPU.Build.0 = Debug|Any CPU
		{74BC9F55-8492-40F7-A445-06C61AF8B490}.Release|Any CPU.ActiveCfg = Release|Any CPU
		{74BC9F55-8492-40F7-A445-06C61AF8B490}.Release|Any CPU.Build.0 = Release|Any CPU
		{DDEFF3AB-79C2-4B56-B636-1045AA4BBDC7}.Debug|Any CPU.ActiveCfg = Debug|Any CPU
		{DDEFF3AB-79C2-4B56-B636-1045AA4BBDC7}.Debug|Any CPU.Build.0 = Debug|Any CPU
		{DDEFF3AB-79C2-4B56-B636-1045AA4BBDC7}.Release|Any CPU.ActiveCfg = Release|Any CPU
		{DDEFF3AB-79C2-4B56-B636-1045AA4BBDC7}.Release|Any CPU.Build.0 = Release|Any CPU
		{E692951E-B4A2-42F0-9791-413C236DEDB9}.Debug|Any CPU.ActiveCfg = Debug|Any CPU
		{E692951E-B4A2-42F0-9791-413C236DEDB9}.Debug|Any CPU.Build.0 = Debug|Any CPU
		{E692951E-B4A2-42F0-9791-413C236DEDB9}.Release|Any CPU.ActiveCfg = Release|Any CPU
		{E692951E-B4A2-42F0-9791-413C236DEDB9}.Release|Any CPU.Build.0 = Release|Any CPU
	EndGlobalSection
	GlobalSection(SolutionProperties) = preSolution
		HideSolutionNode = FALSE
	EndGlobalSection
	GlobalSection(ExtensibilityGlobals) = postSolution
		SolutionGuid = {137EC638-E0E4-4DAD-800C-41BC09A30F33}
	EndGlobalSection
EndGlobal
